Microsoft Visual Studio Solution File, Format Version 12.00
# Visual Studio Version 17
VisualStudioVersion = 17.5.2.0
MinimumVisualStudioVersion = 10.0.40219.1
Project("{FAE04EC0-301F-11D3-BF4B-00C04F79EFBC}") = "GameApplication", "GameApplication.csproj", "{4283F6E8-0D9A-7E94-3E5C-566F008821B3}"
EndProject
Global
	GlobalSection(SolutionConfigurationPlatforms) = preSolution
		Debug|Any CPU = Debug|Any CPU
		Release|Any CPU = Release|Any CPU
	EndGlobalSection
	GlobalSection(ProjectConfigurationPlatforms) = postSolution
		{4283F6E8-0D9A-7E94-3E5C-566F008821B3}.Debug|Any CPU.ActiveCfg = Debug|Any CPU
		{4283F6E8-0D9A-7E94-3E5C-566F008821B3}.Debug|Any CPU.Build.0 = Debug|Any CPU
		{4283F6E8-0D9A-7E94-3E5C-566F008821B3}.Release|Any CPU.ActiveCfg = Release|Any CPU
		{4283F6E8-0D9A-7E94-3E5C-566F008821B3}.Release|Any CPU.Build.0 = Release|Any CPU
	EndGlobalSection
	GlobalSection(SolutionProperties) = preSolution
		HideSolutionNode = FALSE
	EndGlobalSection
	GlobalSection(ExtensibilityGlobals) = postSolution
		SolutionGuid = {4EC5C976-23C9-4CEC-834B-BF909A97275F}
	EndGlobalSection
EndGlobal
